Microsoft Visual Studio Solution File, Format Version 12.00
# Visual Studio Version 17
VisualStudioVersion = 17.5.2.0
MinimumVisualStudioVersion = 10.0.40219.1
Project("{FAE04EC0-301F-11D3-BF4B-00C04F79EFBC}") = "FluxogramaEngenharias", "FluxogramaEngenharias.csproj", "{631B6D9A-CFB4-B9BD-0D42-BCE32B8AF1D5}"
EndProject
Global
	GlobalSection(SolutionConfigurationPlatforms) = preSolution
		Debug|Any CPU = Debug|Any CPU
		Release|Any CPU = Release|Any CPU
	EndGlobalSection
	GlobalSection(ProjectConfigurationPlatforms) = postSolution
		{631B6D9A-CFB4-B9BD-0D42-BCE32B8AF1D5}.Debug|Any CPU.ActiveCfg = Debug|Any CPU
		{631B6D9A-CFB4-B9BD-0D42-BCE32B8AF1D5}.Debug|Any CPU.Build.0 = Debug|Any CPU
		{631B6D9A-CFB4-B9BD-0D42-BCE32B8AF1D5}.Release|Any CPU.ActiveCfg = Release|Any CPU
		{631B6D9A-CFB4-B9BD-0D42-BCE32B8AF1D5}.Release|Any CPU.Build.0 = Release|Any CPU
	EndGlobalSection
	GlobalSection(SolutionProperties) = preSolution
		HideSolutionNode = FALSE
	EndGlobalSection
	GlobalSection(ExtensibilityGlobals) = postSolution
		SolutionGuid = {7C6FBB69-B6FA-4082-9E5C-E562FCAB1B4C}
	EndGlobalSection
EndGlobal
